{
  "name": "xamarin-v8",
  "version": "1.0.0",
  "lockfileVersion": 1,
  "requires": true,
  "dependencies": {
    "v8-android": {
      "version": "8.80.1",
      "resolved": "https://registry.npmjs.org/v8-android/-/v8-android-8.80.1.tgz",
      "integrity": "sha512-YtJEYC4cEr/EJjCAllQN1T+PX+XtcrCCBXJv+dLdzxxRtVKkHlf8kAxyriXUOtGmiMtgzlz+d8hQugVPdq8ZfA=="
    }
  }
}
