<?xml version="1.0" encoding="utf-8"?>
<Project ToolsVersion="4.0" xmlns="http://schemas.microsoft.com/developer/msbuild/2003">
  <ItemGroup>
    <Filter Include="Source Files">
      <UniqueIdentifier>{4FC737F1-C7A5-4376-A066-2A32D752A2FF}</UniqueIdentifier>
      <Extensions>cpp;c;cc;cxx;c++;def;odl;idl;hpj;bat;asm;asmx</Extensions>
    </Filter>
    <Filter Include="Header Files">
      <UniqueIdentifier>{93995380-89BD-4b04-88EB-625FBE52EBFB}</UniqueIdentifier>
      <Extensions>h;hh;hpp;hxx;h++;hm;inl;inc;ipp;xsd</Extensions>
    </Filter>
    <Filter Include="Resource Files">
      <UniqueIdentifier>{67DA6AB6-F800-4c08-8B7A-83BB121AAD01}</UniqueIdentifier>
      <Extensions>rc;ico;cur;bmp;dlg;rc2;rct;bin;rgs;gif;jpg;jpeg;jpe;resx;tiff;tif;png;wav;mfcribbon-ms</Extensions>
    </Filter>
  </ItemGroup>
  <ItemGroup>
    <ClInclude Include="framework.h">
      <Filter>Header Files</Filter>
    </ClInclude>
    <ClInclude Include="pch.h">
      <Filter>Header Files</Filter>
    </ClInclude>
    <ClInclude Include="..\packages\v8-v142-x64.8.2.297.1\include\v8.h">
      <Filter>Header Files</Filter>
    </ClInclude>
    <ClInclude Include="..\packages\v8-v142-x64.8.2.297.1\include\v8config.h">
      <Filter>Header Files</Filter>
    </ClInclude>
    <ClInclude Include="..\packages\v8-v142-x64.8.2.297.1\include\v8-fast-api-calls.h">
      <Filter>Header Files</Filter>
    </ClInclude>
    <ClInclude Include="..\packages\v8-v142-x64.8.2.297.1\include\v8-inspector.h">
      <Filter>Header Files</Filter>
    </ClInclude>
    <ClInclude Include="..\packages\v8-v142-x64.8.2.297.1\include\v8-inspector-protocol.h">
      <Filter>Header Files</Filter>
    </ClInclude>
    <ClInclude Include="..\packages\v8-v142-x64.8.2.297.1\include\v8-internal.h">
      <Filter>Header Files</Filter>
    </ClInclude>
    <ClInclude Include="..\packages\v8-v142-x64.8.2.297.1\include\v8-platform.h">
      <Filter>Header Files</Filter>
    </ClInclude>
    <ClInclude Include="..\packages\v8-v142-x64.8.2.297.1\include\v8-profiler.h">
      <Filter>Header Files</Filter>
    </ClInclude>
    <ClInclude Include="..\packages\v8-v142-x64.8.2.297.1\include\v8-util.h">
      <Filter>Header Files</Filter>
    </ClInclude>
    <ClInclude Include="..\packages\v8-v142-x64.8.2.297.1\include\v8-value-serializer-version.h">
      <Filter>Header Files</Filter>
    </ClInclude>
    <ClInclude Include="..\packages\v8-v142-x64.8.2.297.1\include\v8-version.h">
      <Filter>Header Files</Filter>
    </ClInclude>
    <ClInclude Include="..\packages\v8-v142-x64.8.2.297.1\include\v8-version-string.h">
      <Filter>Header Files</Filter>
    </ClInclude>
    <ClInclude Include="..\packages\v8-v142-x64.8.2.297.1\include\v8-wasm-trap-handler-posix.h">
      <Filter>Header Files</Filter>
    </ClInclude>
    <ClInclude Include="..\packages\v8-v142-x64.8.2.297.1\include\v8-wasm-trap-handler-win.h">
      <Filter>Header Files</Filter>
    </ClInclude>
    <ClInclude Include="..\packages\v8-v142-x64.8.2.297.1\include\libplatform\libplatform.h">
      <Filter>Header Files</Filter>
    </ClInclude>
    <ClInclude Include="..\packages\v8-v142-x64.8.2.297.1\include\libplatform\libplatform-export.h">
      <Filter>Header Files</Filter>
    </ClInclude>
    <ClInclude Include="..\packages\v8-v142-x64.8.2.297.1\include\libplatform\v8-tracing.h">
      <Filter>Header Files</Filter>
    </ClInclude>
    <ClInclude Include="..\..\..\android\LiquidV8\src\main\cpp\JNI\log.h">
      <Filter>Header Files</Filter>
    </ClInclude>
    <ClInclude Include="..\..\..\android\LiquidV8\src\main\cpp\JNI\ExternalX16String.h">
      <Filter>Header Files</Filter>
    </ClInclude>
    <ClInclude Include="..\..\..\android\LiquidV8\src\main\cpp\JNI\common.h">
      <Filter>Header Files</Filter>
    </ClInclude>
    <ClInclude Include="..\..\..\android\LiquidV8\src\main\cpp\JNI\HashMap.h">
      <Filter>Header Files</Filter>
    </ClInclude>
    <ClInclude Include="..\..\..\android\LiquidV8\src\main\cpp\JNI\HashNode.h">
      <Filter>Header Files</Filter>
    </ClInclude>
    <ClInclude Include="..\..\..\android\LiquidV8\src\main\cpp\JNI\V8Context.h">
      <Filter>Header Files</Filter>
    </ClInclude>
    <ClInclude Include="..\..\..\android\LiquidV8\src\main\cpp\JNI\V8Response.h">
      <Filter>Header Files</Filter>
    </ClInclude>
    <ClInclude Include="..\..\..\android\LiquidV8\src\main\cpp\JNI\InspectorChannel.h">
      <Filter>Header Files</Filter>
    </ClInclude>
  </ItemGroup>
  <ItemGroup>
    <ClCompile Include="dllmain.cpp">
      <Filter>Source Files</Filter>
    </ClCompile>
    <ClCompile Include="pch.cpp">
      <Filter>Source Files</Filter>
    </ClCompile>
    <ClCompile Include="..\..\..\android\LiquidV8\src\main\cpp\JNI\V8Context.cpp">
      <Filter>Source Files</Filter>
    </ClCompile>
    <ClCompile Include="..\..\..\android\LiquidV8\src\main\cpp\JNI\V8Response.cpp">
      <Filter>Source Files</Filter>
    </ClCompile>
    <ClCompile Include="..\..\..\android\LiquidV8\src\main\cpp\JNI\xv8.cpp">
      <Filter>Source Files</Filter>
    </ClCompile>
    <ClCompile Include="..\..\..\android\LiquidV8\src\main\cpp\JNI\log.cpp">
      <Filter>Source Files</Filter>
    </ClCompile>
  </ItemGroup>
  <ItemGroup>
    <None Include="packages.config" />
  </ItemGroup>
</Project>